
Microsoft Visual Studio Solution File, Format Version 12.00
# Visual Studio Version 16
VisualStudioVersion = 16.0.29418.71
MinimumVisualStudioVersion = 10.0.40219.1
Project("{FAE04EC0-301F-11D3-BF4B-00C04F79EFBC}") = "EFarmingProject", "EFarmingProject\EFarmingProject.csproj", "{0B75C970-D52A-43E0-86EB-E04CE67072A6}"
EndProject
Global
	GlobalSection(SolutionConfigurationPlatforms) = preSolution
		Debug|Any CPU = Debug|Any CPU
		Release|Any CPU = Release|Any CPU
	EndGlobalSection
	GlobalSection(ProjectConfigurationPlatforms) = postSolution
		{0B75C970-D52A-43E0-86EB-E04CE67072A6}.Debug|Any CPU.ActiveCfg = Debug|Any CPU
		{0B75C970-D52A-43E0-86EB-E04CE67072A6}.Debug|Any CPU.Build.0 = Debug|Any CPU
		{0B75C970-D52A-43E0-86EB-E04CE67072A6}.Release|Any CPU.ActiveCfg = Release|Any CPU
		{0B75C970-D52A-43E0-86EB-E04CE67072A6}.Release|Any CPU.Build.0 = Release|Any CPU
	EndGlobalSection
	GlobalSection(SolutionProperties) = preSolution
		HideSolutionNode = FALSE
	EndGlobalSection
	GlobalSection(ExtensibilityGlobals) = postSolution
		SolutionGuid = {46CAA61B-8248-44BA-B641-E73AE717C9DD}
	EndGlobalSection
EndGlobal
